
Microsoft Visual Studio Solution File, Format Version 12.00
# Visual Studio Version 17
VisualStudioVersion = 17.0.31903.59
MinimumVisualStudioVersion = 10.0.40219.1
Project("{2150E333-8FDC-42A3-9474-1A3956D46DE8}") = "src", "src", "{827E0CD3-B72D-47B6-A68D-7590B98EB39B}"
EndProject
Project("{FAE04EC0-301F-11D3-BF4B-00C04F79EFBC}") = "AOM", "src\AOM\AOM.csproj", "{F29BC813-6E48-4B3B-A4B5-546F94ED5BDD}"
EndProject
Project("{2150E333-8FDC-42A3-9474-1A3956D46DE8}") = "test", "test", "{0C88DD14-F956-CE84-757C-A364CCF449FC}"
EndProject
Project("{FAE04EC0-301F-11D3-BF4B-00C04F79EFBC}") = "Base", "src\Base\Base.csproj", "{E4FD9CD6-8EE6-4A36-326E-9569ADB900E6}"
EndProject
Project("{FAE04EC0-301F-11D3-BF4B-00C04F79EFBC}") = "Base.Tests", "test\Base.Tests\Base.Tests.csproj", "{2B37528C-9CFF-529D-C4B5-E3FCE6364DDA}"
EndProject
Project("{FAE04EC0-301F-11D3-BF4B-00C04F79EFBC}") = "AOM.Tests", "test\AOM.Tests\AOM.Tests.csproj", "{6C78D617-95D7-3969-EA57-B7CCA00AFFE7}"
EndProject
Global
	GlobalSection(SolutionConfigurationPlatforms) = preSolution
		Debug|Any CPU = Debug|Any CPU
		Debug|x64 = Debug|x64
		Debug|x86 = Debug|x86
		Release|Any CPU = Release|Any CPU
		Release|x64 = Release|x64
		Release|x86 = Release|x86
	EndGlobalSection
	GlobalSection(ProjectConfigurationPlatforms) = postSolution
		{F29BC813-6E48-4B3B-A4B5-546F94ED5BDD}.Debug|Any CPU.ActiveCfg = Debug|Any CPU
		{F29BC813-6E48-4B3B-A4B5-546F94ED5BDD}.Debug|Any CPU.Build.0 = Debug|Any CPU
		{F29BC813-6E48-4B3B-A4B5-546F94ED5BDD}.Debug|x64.ActiveCfg = Debug|Any CPU
		{F29BC813-6E48-4B3B-A4B5-546F94ED5BDD}.Debug|x64.Build.0 = Debug|Any CPU
		{F29BC813-6E48-4B3B-A4B5-546F94ED5BDD}.Debug|x86.ActiveCfg = Debug|Any CPU
		{F29BC813-6E48-4B3B-A4B5-546F94ED5BDD}.Debug|x86.Build.0 = Debug|Any CPU
		{F29BC813-6E48-4B3B-A4B5-546F94ED5BDD}.Release|Any CPU.ActiveCfg = Release|Any CPU
		{F29BC813-6E48-4B3B-A4B5-546F94ED5BDD}.Release|Any CPU.Build.0 = Release|Any CPU
		{F29BC813-6E48-4B3B-A4B5-546F94ED5BDD}.Release|x64.ActiveCfg = Release|Any CPU
		{F29BC813-6E48-4B3B-A4B5-546F94ED5BDD}.Release|x64.Build.0 = Release|Any CPU
		{F29BC813-6E48-4B3B-A4B5-546F94ED5BDD}.Release|x86.ActiveCfg = Release|Any CPU
		{F29BC813-6E48-4B3B-A4B5-546F94ED5BDD}.Release|x86.Build.0 = Release|Any CPU
		{E4FD9CD6-8EE6-4A36-326E-9569ADB900E6}.Debug|Any CPU.ActiveCfg = Debug|Any CPU
		{E4FD9CD6-8EE6-4A36-326E-9569ADB900E6}.Debug|Any CPU.Build.0 = Debug|Any CPU
		{E4FD9CD6-8EE6-4A36-326E-9569ADB900E6}.Debug|x64.ActiveCfg = Debug|Any CPU
		{E4FD9CD6-8EE6-4A36-326E-9569ADB900E6}.Debug|x64.Build.0 = Debug|Any CPU
		{E4FD9CD6-8EE6-4A36-326E-9569ADB900E6}.Debug|x86.ActiveCfg = Debug|Any CPU
		{E4FD9CD6-8EE6-4A36-326E-9569ADB900E6}.Debug|x86.Build.0 = Debug|Any CPU
		{E4FD9CD6-8EE6-4A36-326E-9569ADB900E6}.Release|Any CPU.ActiveCfg = Release|Any CPU
		{E4FD9CD6-8EE6-4A36-326E-9569ADB900E6}.Release|Any CPU.Build.0 = Release|Any CPU
		{E4FD9CD6-8EE6-4A36-326E-9569ADB900E6}.Release|x64.ActiveCfg = Release|Any CPU
		{E4FD9CD6-8EE6-4A36-326E-9569ADB900E6}.Release|x64.Build.0 = Release|Any CPU
		{E4FD9CD6-8EE6-4A36-326E-9569ADB900E6}.Release|x86.ActiveCfg = Release|Any CPU
		{E4FD9CD6-8EE6-4A36-326E-9569ADB900E6}.Release|x86.Build.0 = Release|Any CPU
		{2B37528C-9CFF-529D-C4B5-E3FCE6364DDA}.Debug|Any CPU.ActiveCfg = Debug|Any CPU
		{2B37528C-9CFF-529D-C4B5-E3FCE6364DDA}.Debug|Any CPU.Build.0 = Debug|Any CPU
		{2B37528C-9CFF-529D-C4B5-E3FCE6364DDA}.Debug|x64.ActiveCfg = Debug|Any CPU
		{2B37528C-9CFF-529D-C4B5-E3FCE6364DDA}.Debug|x64.Build.0 = Debug|Any CPU
		{2B37528C-9CFF-529D-C4B5-E3FCE6364DDA}.Debug|x86.ActiveCfg = Debug|Any CPU
		{2B37528C-9CFF-529D-C4B5-E3FCE6364DDA}.Debug|x86.Build.0 = Debug|Any CPU
		{2B37528C-9CFF-529D-C4B5-E3FCE6364DDA}.Release|Any CPU.ActiveCfg = Release|Any CPU
		{2B37528C-9CFF-529D-C4B5-E3FCE6364DDA}.Release|Any CPU.Build.0 = Release|Any CPU
		{2B37528C-9CFF-529D-C4B5-E3FCE6364DDA}.Release|x64.ActiveCfg = Release|Any CPU
		{2B37528C-9CFF-529D-C4B5-E3FCE6364DDA}.Release|x64.Build.0 = Release|Any CPU
		{2B37528C-9CFF-529D-C4B5-E3FCE6364DDA}.Release|x86.ActiveCfg = Release|Any CPU
		{2B37528C-9CFF-529D-C4B5-E3FCE6364DDA}.Release|x86.Build.0 = Release|Any CPU
		{6C78D617-95D7-3969-EA57-B7CCA00AFFE7}.Debug|Any CPU.ActiveCfg = Debug|Any CPU
		{6C78D617-95D7-3969-EA57-B7CCA00AFFE7}.Debug|Any CPU.Build.0 = Debug|Any CPU
		{6C78D617-95D7-3969-EA57-B7CCA00AFFE7}.Debug|x64.ActiveCfg = Debug|Any CPU
		{6C78D617-95D7-3969-EA57-B7CCA00AFFE7}.Debug|x64.Build.0 = Debug|Any CPU
		{6C78D617-95D7-3969-EA57-B7CCA00AFFE7}.Debug|x86.ActiveCfg = Debug|Any CPU
		{6C78D617-95D7-3969-EA57-B7CCA00AFFE7}.Debug|x86.Build.0 = Debug|Any CPU
		{6C78D617-95D7-3969-EA57-B7CCA00AFFE7}.Release|Any CPU.ActiveCfg = Release|Any CPU
		{6C78D617-95D7-3969-EA57-B7CCA00AFFE7}.Release|Any CPU.Build.0 = Release|Any CPU
		{6C78D617-95D7-3969-EA57-B7CCA00AFFE7}.Release|x64.ActiveCfg = Release|Any CPU
		{6C78D617-95D7-3969-EA57-B7CCA00AFFE7}.Release|x64.Build.0 = Release|Any CPU
		{6C78D617-95D7-3969-EA57-B7CCA00AFFE7}.Release|x86.ActiveCfg = Release|Any CPU
		{6C78D617-95D7-3969-EA57-B7CCA00AFFE7}.Release|x86.Build.0 = Release|Any CPU
	EndGlobalSection
	GlobalSection(SolutionProperties) = preSolution
		HideSolutionNode = FALSE
	EndGlobalSection
	GlobalSection(NestedProjects) = preSolution
		{F29BC813-6E48-4B3B-A4B5-546F94ED5BDD} = {827E0CD3-B72D-47B6-A68D-7590B98EB39B}
		{E4FD9CD6-8EE6-4A36-326E-9569ADB900E6} = {827E0CD3-B72D-47B6-A68D-7590B98EB39B}
		{2B37528C-9CFF-529D-C4B5-E3FCE6364DDA} = {0C88DD14-F956-CE84-757C-A364CCF449FC}
		{6C78D617-95D7-3969-EA57-B7CCA00AFFE7} = {0C88DD14-F956-CE84-757C-A364CCF449FC}
	EndGlobalSection
	GlobalSection(ExtensibilityGlobals) = postSolution
		SolutionGuid = {2A71DA96-BC3C-4A33-A153-3CB1AD30FD74}
	EndGlobalSection
EndGlobal
